
Microsoft Visual Studio Solution File, Format Version 12.00
# Visual Studio Version 16
VisualStudioVersion = 16.0.31729.503
MinimumVisualStudioVersion = 10.0.40219.1
Project("{FAE04EC0-301F-11D3-BF4B-00C04F79EFBC}") = "ExpoLoc", "ExpoLoc\ExpoLoc.csproj", "{C345C14C-57B8-4A77-86A7-9E15ABAA4230}"
EndProject
Global
	GlobalSection(SolutionConfigurationPlatforms) = preSolution
		Debug|Any CPU = Debug|Any CPU
		Release|Any CPU = Release|Any CPU
	EndGlobalSection
	GlobalSection(ProjectConfigurationPlatforms) = postSolution
		{C345C14C-57B8-4A77-86A7-9E15ABAA4230}.Debug|Any CPU.ActiveCfg = Debug|Any CPU
		{C345C14C-57B8-4A77-86A7-9E15ABAA4230}.Debug|Any CPU.Build.0 = Debug|Any CPU
		{C345C14C-57B8-4A77-86A7-9E15ABAA4230}.Release|Any CPU.ActiveCfg = Release|Any CPU
		{C345C14C-57B8-4A77-86A7-9E15ABAA4230}.Release|Any CPU.Build.0 = Release|Any CPU
	EndGlobalSection
	GlobalSection(SolutionProperties) = preSolution
		HideSolutionNode = FALSE
	EndGlobalSection
	GlobalSection(ExtensibilityGlobals) = postSolution
		SolutionGuid = {17BF4EDD-471C-48AF-9A39-7E282E87068D}
	EndGlobalSection
EndGlobal
